
Microsoft Visual Studio Solution File, Format Version 12.00
# Visual Studio Version 17
VisualStudioVersion = 17.11.35208.52
MinimumVisualStudioVersion = 10.0.40219.1
Project("{FAE04EC0-301F-11D3-BF4B-00C04F79EFBC}") = "TidOgSagsregistrering", "TidOgSagsregistrering\TidOgSagsregistrering.csproj", "{04E39DF6-9370-4992-A2DA-2D63FA556DA0}"
EndProject
Project("{FAE04EC0-301F-11D3-BF4B-00C04F79EFBC}") = "BLL", "BLL\BLL.csproj", "{1E93BC18-9EE0-42D1-BC71-F8A88F5F59ED}"
EndProject
Project("{FAE04EC0-301F-11D3-BF4B-00C04F79EFBC}") = "DAL", "DAL\DAL.csproj", "{EFBAC7A3-FF43-4FA0-99B5-B218FFD2931F}"
EndProject
Project("{FAE04EC0-301F-11D3-BF4B-00C04F79EFBC}") = "DTO", "DTO\DTO.csproj", "{B839D7E1-55BD-4064-B8B5-DF035BD7F98B}"
EndProject
Project("{FAE04EC0-301F-11D3-BF4B-00C04F79EFBC}") = "WPF", "WPF\WPF.csproj", "{37D1F644-A79A-4701-BDA9-364D62024D74}"
EndProject
Global
	GlobalSection(SolutionConfigurationPlatforms) = preSolution
		Debug|Any CPU = Debug|Any CPU
		Release|Any CPU = Release|Any CPU
	EndGlobalSection
	GlobalSection(ProjectConfigurationPlatforms) = postSolution
		{04E39DF6-9370-4992-A2DA-2D63FA556DA0}.Debug|Any CPU.ActiveCfg = Debug|Any CPU
		{04E39DF6-9370-4992-A2DA-2D63FA556DA0}.Debug|Any CPU.Build.0 = Debug|Any CPU
		{04E39DF6-9370-4992-A2DA-2D63FA556DA0}.Release|Any CPU.ActiveCfg = Release|Any CPU
		{04E39DF6-9370-4992-A2DA-2D63FA556DA0}.Release|Any CPU.Build.0 = Release|Any CPU
		{1E93BC18-9EE0-42D1-BC71-F8A88F5F59ED}.Debug|Any CPU.ActiveCfg = Debug|Any CPU
		{1E93BC18-9EE0-42D1-BC71-F8A88F5F59ED}.Debug|Any CPU.Build.0 = Debug|Any CPU
		{1E93BC18-9EE0-42D1-BC71-F8A88F5F59ED}.Release|Any CPU.ActiveCfg = Release|Any CPU
		{1E93BC18-9EE0-42D1-BC71-F8A88F5F59ED}.Release|Any CPU.Build.0 = Release|Any CPU
		{EFBAC7A3-FF43-4FA0-99B5-B218FFD2931F}.Debug|Any CPU.ActiveCfg = Debug|Any CPU
		{EFBAC7A3-FF43-4FA0-99B5-B218FFD2931F}.Debug|Any CPU.Build.0 = Debug|Any CPU
		{EFBAC7A3-FF43-4FA0-99B5-B218FFD2931F}.Release|Any CPU.ActiveCfg = Release|Any CPU
		{EFBAC7A3-FF43-4FA0-99B5-B218FFD2931F}.Release|Any CPU.Build.0 = Release|Any CPU
		{B839D7E1-55BD-4064-B8B5-DF035BD7F98B}.Debug|Any CPU.ActiveCfg = Debug|Any CPU
		{B839D7E1-55BD-4064-B8B5-DF035BD7F98B}.Debug|Any CPU.Build.0 = Debug|Any CPU
		{B839D7E1-55BD-4064-B8B5-DF035BD7F98B}.Release|Any CPU.ActiveCfg = Release|Any CPU
		{B839D7E1-55BD-4064-B8B5-DF035BD7F98B}.Release|Any CPU.Build.0 = Release|Any CPU
		{37D1F644-A79A-4701-BDA9-364D62024D74}.Debug|Any CPU.ActiveCfg = Debug|Any CPU
		{37D1F644-A79A-4701-BDA9-364D62024D74}.Debug|Any CPU.Build.0 = Debug|Any CPU
		{37D1F644-A79A-4701-BDA9-364D62024D74}.Release|Any CPU.ActiveCfg = Release|Any CPU
		{37D1F644-A79A-4701-BDA9-364D62024D74}.Release|Any CPU.Build.0 = Release|Any CPU
	EndGlobalSection
	GlobalSection(SolutionProperties) = preSolution
		HideSolutionNode = FALSE
	EndGlobalSection
	GlobalSection(ExtensibilityGlobals) = postSolution
		SolutionGuid = {81F34779-A794-4CB4-873A-304552274BD2}
	EndGlobalSection
EndGlobal
